<?xml version="1.0" encoding="utf-8"?>
<Project ToolsVersion="4.0" xmlns="http://schemas.microsoft.com/developer/msbuild/2003">
  <ItemGroup>
    <Filter Include="Source Files">
      <UniqueIdentifier>{4FC737F1-C7A5-4376-A066-2A32D752A2FF}</UniqueIdentifier>
      <Extensions>cpp;c;cc;cxx;c++;cppm;ixx;def;odl;idl;hpj;bat;asm;asmx</Extensions>
    </Filter>
    <Filter Include="Header Files">
      <UniqueIdentifier>{93995380-89BD-4b04-88EB-625FBE52EBFB}</UniqueIdentifier>
      <Extensions>h;hh;hpp;hxx;h++;hm;inl;inc;ipp;xsd</Extensions>
    </Filter>
    <Filter Include="Resource Files">
      <UniqueIdentifier>{67DA6AB6-F800-4c08-8B7A-83BB121AAD01}</UniqueIdentifier>
      <Extensions>rc;ico;cur;bmp;dlg;rc2;rct;bin;rgs;gif;jpg;jpeg;jpe;resx;tiff;tif;png;wav;mfcribbon-ms</Extensions>
    </Filter>
  </ItemGroup>
  <ItemGroup>
    <ClCompile Include="dynamic_game_object.cpp">
      <Filter>Source Files</Filter>
    </ClCompile>
    <ClCompile Include="level_finder.cpp">
      <Filter>Source Files</Filter>
    </ClCompile>
    <ClCompile Include="level_runner.cpp">
      <Filter>Source Files</Filter>
    </ClCompile>
    <ClCompile Include="maze.cpp">
      <Filter>Source Files</Filter>
    </ClCompile>
    <ClCompile Include="monster.cpp">
      <Filter>Source Files</Filter>
    </ClCompile>
    <ClCompile Include="monster_clever.cpp">
      <Filter>Source Files</Filter>
    </ClCompile>
    <ClCompile Include="monster_random.cpp">
      <Filter>Source Files</Filter>
    </ClCompile>
    <ClCompile Include="player.cpp">
      <Filter>Source Files</Filter>
    </ClCompile>
    <ClCompile Include="player_context.cpp">
      <Filter>Source Files</Filter>
    </ClCompile>
    <ClCompile Include="game_status_widget.cpp">
      <Filter>Source Files</Filter>
    </ClCompile>
    <ClCompile Include="dynamic_object_state.cpp">
      <Filter>Source Files</Filter>
    </ClCompile>
    <ClCompile Include="window_win.cpp">
      <Filter>Source Files</Filter>
    </ClCompile>
    <ClCompile Include="window_message.cpp">
      <Filter>Source Files</Filter>
    </ClCompile>
    <ClCompile Include="window_game_over.cpp">
      <Filter>Source Files</Filter>
    </ClCompile>
    <ClCompile Include="bomb_explosion.cpp">
      <Filter>Source Files</Filter>
    </ClCompile>
    <ClCompile Include="window_pause.cpp">
      <Filter>Source Files</Filter>
    </ClCompile>
    <ClCompile Include="inventory.cpp">
      <Filter>Source Files</Filter>
    </ClCompile>
    <ClCompile Include="scenario.cpp">
      <Filter>Source Files</Filter>
    </ClCompile>
    <ClCompile Include="window_base.cpp">
      <Filter>Source Files</Filter>
    </ClCompile>
    <ClCompile Include="window_image.cpp">
      <Filter>Source Files</Filter>
    </ClCompile>
    <ClCompile Include="pool_event_game.cpp">
      <Filter>Source Files</Filter>
    </ClCompile>
  </ItemGroup>
  <ItemGroup>
    <ClInclude Include="dynamic_game_object.h">
      <Filter>Header Files</Filter>
    </ClInclude>
    <ClInclude Include="dynamic_object_state.h">
      <Filter>Header Files</Filter>
    </ClInclude>
    <ClInclude Include="booster_speed.h">
      <Filter>Header Files</Filter>
    </ClInclude>
    <ClInclude Include="level_finder.h">
      <Filter>Header Files</Filter>
    </ClInclude>
    <ClInclude Include="level_matrix.h">
      <Filter>Header Files</Filter>
    </ClInclude>
    <ClInclude Include="level_runner.h">
      <Filter>Header Files</Filter>
    </ClInclude>
    <ClInclude Include="coin_gold.h">
      <Filter>Header Files</Filter>
    </ClInclude>
    <ClInclude Include="ground.h">
      <Filter>Header Files</Filter>
    </ClInclude>
    <ClInclude Include="maze.h">
      <Filter>Header Files</Filter>
    </ClInclude>
    <ClInclude Include="monster.h">
      <Filter>Header Files</Filter>
    </ClInclude>
    <ClInclude Include="monster_clever.h">
      <Filter>Header Files</Filter>
    </ClInclude>
    <ClInclude Include="monster_random.h">
      <Filter>Header Files</Filter>
    </ClInclude>
    <ClInclude Include="player.h">
      <Filter>Header Files</Filter>
    </ClInclude>
    <ClInclude Include="player_context.h">
      <Filter>Header Files</Filter>
    </ClInclude>
    <ClInclude Include="wall.h">
      <Filter>Header Files</Filter>
    </ClInclude>
    <ClInclude Include="game_status_widget.h">
      <Filter>Header Files</Filter>
    </ClInclude>
    <ClInclude Include="edge_2d.h">
      <Filter>Header Files</Filter>
    </ClInclude>
    <ClInclude Include="window_win.h">
      <Filter>Header Files</Filter>
    </ClInclude>
    <ClInclude Include="window_message.h">
      <Filter>Header Files</Filter>
    </ClInclude>
    <ClInclude Include="window_game_over.h">
      <Filter>Header Files</Filter>
    </ClInclude>
    <ClInclude Include="bomb.h">
      <Filter>Header Files</Filter>
    </ClInclude>
    <ClInclude Include="bomb_explosion.h">
      <Filter>Header Files</Filter>
    </ClInclude>
    <ClInclude Include="bomb_active.h">
      <Filter>Header Files</Filter>
    </ClInclude>
    <ClInclude Include="interim_game_object.h">
      <Filter>Header Files</Filter>
    </ClInclude>
    <ClInclude Include="boom.h">
      <Filter>Header Files</Filter>
    </ClInclude>
    <ClInclude Include="tree.h">
      <Filter>Header Files</Filter>
    </ClInclude>
    <ClInclude Include="object_identifier.h">
      <Filter>Header Files</Filter>
    </ClInclude>
    <ClInclude Include="window_pause.h">
      <Filter>Header Files</Filter>
    </ClInclude>
    <ClInclude Include="inventory.h">
      <Filter>Header Files</Filter>
    </ClInclude>
    <ClInclude Include="coin_silver.h">
      <Filter>Header Files</Filter>
    </ClInclude>
    <ClInclude Include="collectible_gear.h">
      <Filter>Header Files</Filter>
    </ClInclude>
    <ClInclude Include="scenario.h">
      <Filter>Header Files</Filter>
    </ClInclude>
    <ClInclude Include="castle.h">
      <Filter>Header Files</Filter>
    </ClInclude>
    <ClInclude Include="quest_collect.h">
      <Filter>Header Files</Filter>
    </ClInclude>
    <ClInclude Include="event_from_player.h">
      <Filter>Header Files</Filter>
    </ClInclude>
    <ClInclude Include="quest_kill.h">
      <Filter>Header Files</Filter>
    </ClInclude>
    <ClInclude Include="quest_reach_checkpoint.h">
      <Filter>Header Files</Filter>
    </ClInclude>
    <ClInclude Include="quest.h">
      <Filter>Header Files</Filter>
    </ClInclude>
    <ClInclude Include="quest_base.h">
      <Filter>Header Files</Filter>
    </ClInclude>
    <ClInclude Include="portal.h">
      <Filter>Header Files</Filter>
    </ClInclude>
    <ClInclude Include="event_from_game.h">
      <Filter>Header Files</Filter>
    </ClInclude>
    <ClInclude Include="event_base.h">
      <Filter>Header Files</Filter>
    </ClInclude>
    <ClInclude Include="window_image.h">
      <Filter>Header Files</Filter>
    </ClInclude>
    <ClInclude Include="window_base.h">
      <Filter>Header Files</Filter>
    </ClInclude>
    <ClInclude Include="pool_event_game.h">
      <Filter>Header Files</Filter>
    </ClInclude>
  </ItemGroup>
  <ItemGroup>
    <None Include="packages.config" />
  </ItemGroup>
</Project>