<?xml version="1.0" encoding="utf-8"?>
<Project ToolsVersion="4.0" xmlns="http://schemas.microsoft.com/developer/msbuild/2003">
  <ItemGroup>
    <ClCompile Include="main.cpp">
      <Filter>Source Files</Filter>
    </ClCompile>
  </ItemGroup>
  <ItemGroup>
    <None Include="packages.config" />
    <None Include="level-01.json">
      <Filter>Resources</Filter>
    </None>
    <None Include="level-02.json">
      <Filter>Resources</Filter>
    </None>
    <None Include="level-02.map">
      <Filter>Resources</Filter>
    </None>
  </ItemGroup>
  <ItemGroup>
    <Filter Include="Source Files">
      <UniqueIdentifier>{7d2de8ad-40b1-45ee-8baa-69accb677094}</UniqueIdentifier>
    </Filter>
    <Filter Include="Header Files">
      <UniqueIdentifier>{13e12e8b-c574-4df7-88c1-b2479321fb49}</UniqueIdentifier>
    </Filter>
    <Filter Include="Resources">
      <UniqueIdentifier>{c2b342db-f682-4b71-9862-adeb0b1d2d18}</UniqueIdentifier>
    </Filter>
  </ItemGroup>
  <ItemGroup>
    <Text Include="level-01.map">
      <Filter>Resources</Filter>
    </Text>
    <Text Include="level-02.txt">
      <Filter>Resources</Filter>
    </Text>
    <Text Include="level-03.txt">
      <Filter>Resources</Filter>
    </Text>
    <Text Include="level-01.txt">
      <Filter>Resources</Filter>
    </Text>
  </ItemGroup>
</Project>